
Microsoft Visual Studio Solution File, Format Version 12.00
# Visual Studio Version 17
VisualStudioVersion = 17.6.33815.320
MinimumVisualStudioVersion = 10.0.40219.1
Project("{FAE04EC0-301F-11D3-BF4B-00C04F79EFBC}") = "CursoAPI", "CursoAPI\CursoAPI.csproj", "{8FC05605-8E07-4C43-93DE-6DB6FA3B34BD}"
EndProject
Global
	GlobalSection(SolutionConfigurationPlatforms) = preSolution
		Debug|Any CPU = Debug|Any CPU
		Release|Any CPU = Release|Any CPU
	EndGlobalSection
	GlobalSection(ProjectConfigurationPlatforms) = postSolution
		{8FC05605-8E07-4C43-93DE-6DB6FA3B34BD}.Debug|Any CPU.ActiveCfg = Debug|Any CPU
		{8FC05605-8E07-4C43-93DE-6DB6FA3B34BD}.Debug|Any CPU.Build.0 = Debug|Any CPU
		{8FC05605-8E07-4C43-93DE-6DB6FA3B34BD}.Release|Any CPU.ActiveCfg = Release|Any CPU
		{8FC05605-8E07-4C43-93DE-6DB6FA3B34BD}.Release|Any CPU.Build.0 = Release|Any CPU
	EndGlobalSection
	GlobalSection(SolutionProperties) = preSolution
		HideSolutionNode = FALSE
	EndGlobalSection
	GlobalSection(ExtensibilityGlobals) = postSolution
		SolutionGuid = {6C58127B-216C-4FDC-9F08-FE432AF91B8D}
	EndGlobalSection
EndGlobal
